{
    "version": 3,
    "terraform_version": "0.11.14",
    "serial": 6,
    "lineage": "d2f04860-93f4-3fe4-62ff-8668ba59b1a7",
    "modules": [
        {
            "path": [
                "root"
            ],
            "outputs": {
                "cluster_name": {
                    "sensitive": false,
                    "type": "string",
                    "value": "dangdang-konvoy-v1.2.5-f71b"
                },
                "vpc_id": {
                    "sensitive": false,
                    "type": "string",
                    "value": "vpc-071355a7105edf6b4"
                }
            },
            "resources": {
                "aws_default_route_table.konvoy_router": {
                    "type": "aws_default_route_table",
                    "depends_on": [
                        "aws_vpc.konvoy.*",
                        "local.cluster_name",
                        "local.common_tags"
                    ],
                    "primary": {
                        "id": "rtb-0785f9331917348d5",
                        "attributes": {
                            "default_route_table_id": "rtb-0785f9331917348d5",
                            "id": "rtb-0785f9331917348d5",
                            "owner_id": "222638339470",
                            "propagating_vgws.#": "0",
                            "route.#": "0",
                            "tags.%": "6",
                            "tags.Name": "dangdang-konvoy-v1.2.5-f71b-router",
                            "tags.konvoy/clusterName": "dangdang-konvoy-v1.2.5-f71b",
                            "tags.konvoy/version": "v1.2.5",
                            "tags.kubernetes.io/cluster": "dangdang-konvoy-v1.2.5-f71b",
                            "tags.kubernetes.io/cluster/dangdang-konvoy-v1.2.5-f71b": "owned",
                            "tags.owner": "michaelbi",
                            "vpc_id": "vpc-071355a7105edf6b4"
                        },
                        "meta": {},
                        "tainted": false
                    },
                    "deposed": [],
                    "provider": "provider.aws"
                },
                "aws_ebs_volume.control_plane_imagefs.0": {
                    "type": "aws_ebs_volume",
                    "depends_on": [
                        "aws_instance.control_plane.*",
                        "local.cluster_name",
                        "local.common_tags_no_cluster"
                    ],
                    "primary": {
                        "id": "vol-0bbc3bc415aedb534",
                        "attributes": {
                            "arn": "arn:aws:ec2:us-west-2:222638339470:volume/vol-0bbc3bc415aedb534",
                            "availability_zone": "us-west-2c",
                            "encrypted": "false",
                            "id": "vol-0bbc3bc415aedb534",
                            "iops": "480",
                            "kms_key_id": "",
                            "size": "160",
                            "snapshot_id": "",
                            "tags.%": "5",
                            "tags.Name": "dangdang-konvoy-v1.2.5-f71b-control-plane-volume-imagefs-0",
                            "tags.konvoy/clusterName": "dangdang-konvoy-v1.2.5-f71b",
                            "tags.konvoy/nodeRoles": "control_plane",
                            "tags.konvoy/version": "v1.2.5",
                            "tags.owner": "michaelbi",
                            "type": "gp2"
                        },
                        "meta": {},
                        "tainted": false
                    },
                    "deposed": [],
                    "provider": "provider.aws"
                },
                "aws_ebs_volume.control_plane_imagefs.1": {
                    "type": "aws_ebs_volume",
                    "depends_on": [
                        "aws_instance.control_plane.*",
                        "local.cluster_name",
                        "local.common_tags_no_cluster"
                    ],
                    "primary": {
                        "id": "vol-067f6b57b66adfef0",
                        "attributes": {
                            "arn": "arn:aws:ec2:us-west-2:222638339470:volume/vol-067f6b57b66adfef0",
                            "availability_zone": "us-west-2c",
                            "encrypted": "false",
                            "id": "vol-067f6b57b66adfef0",
                            "iops": "480",
                            "kms_key_id": "",
                            "size": "160",
                            "snapshot_id": "",
                            "tags.%": "5",
                            "tags.Name": "dangdang-konvoy-v1.2.5-f71b-control-plane-volume-imagefs-1",
                            "tags.konvoy/clusterName": "dangdang-konvoy-v1.2.5-f71b",
                            "tags.konvoy/nodeRoles": "control_plane",
                            "tags.konvoy/version": "v1.2.5",
                            "tags.owner": "michaelbi",
                            "type": "gp2"
                        },
                        "meta": {},
                        "tainted": false
                    },
                    "deposed": [],
                    "provider": "provider.aws"
                },
                "aws_ebs_volume.control_plane_imagefs.2": {
                    "type": "aws_ebs_volume",
                    "depends_on": [
                        "aws_instance.control_plane.*",
                        "local.cluster_name",
                        "local.common_tags_no_cluster"
                    ],
                    "primary": {
                        "id": "vol-08e7b4e32b2eb9ee4",
                        "attributes": {
                            "arn": "arn:aws:ec2:us-west-2:222638339470:volume/vol-08e7b4e32b2eb9ee4",
                            "availability_zone": "us-west-2c",
                            "encrypted": "false",
                            "id": "vol-08e7b4e32b2eb9ee4",
                            "iops": "480",
                            "kms_key_id": "",
                            "size": "160",
                            "snapshot_id": "",
                            "tags.%": "5",
                            "tags.Name": "dangdang-konvoy-v1.2.5-f71b-control-plane-volume-imagefs-2",
                            "tags.konvoy/clusterName": "dangdang-konvoy-v1.2.5-f71b",
                            "tags.konvoy/nodeRoles": "control_plane",
                            "tags.konvoy/version": "v1.2.5",
                            "tags.owner": "michaelbi",
                            "type": "gp2"
                        },
                        "meta": {},
                        "tainted": false
                    },
                    "deposed": [],
                    "provider": "provider.aws"
                },
                "aws_ebs_volume.worker_pool0_imagefs.0": {
                    "type": "aws_ebs_volume",
                    "depends_on": [
                        "aws_instance.worker_pool0.*",
                        "local.cluster_name",
                        "local.common_tags_no_cluster"
                    ],
                    "primary": {
                        "id": "vol-0f7275ef924242036",
                        "attributes": {
                            "arn": "arn:aws:ec2:us-west-2:222638339470:volume/vol-0f7275ef924242036",
                            "availability_zone": "us-west-2c",
                            "encrypted": "false",
                            "id": "vol-0f7275ef924242036",
                            "iops": "480",
                            "kms_key_id": "",
                            "size": "160",
                            "snapshot_id": "",
                            "tags.%": "5",
                            "tags.Name": "dangdang-konvoy-v1.2.5-f71b-worker-pool-0-volume-imagefs-0",
                            "tags.konvoy/clusterName": "dangdang-konvoy-v1.2.5-f71b",
                            "tags.konvoy/nodeRoles": "worker",
                            "tags.konvoy/version": "v1.2.5",
                            "tags.owner": "michaelbi",
                            "type": "gp2"
                        },
                        "meta": {},
                        "tainted": false
                    },
                    "deposed": [],
                    "provider": "provider.aws"
                },
                "aws_ebs_volume.worker_pool0_imagefs.1": {
                    "type": "aws_ebs_volume",
                    "depends_on": [
                        "aws_instance.worker_pool0.*",
                        "local.cluster_name",
                        "local.common_tags_no_cluster"
                    ],
                    "primary": {
                        "id": "vol-0e8774aba1d6a7974",
                        "attributes": {
                            "arn": "arn:aws:ec2:us-west-2:222638339470:volume/vol-0e8774aba1d6a7974",
                            "availability_zone": "us-west-2c",
                            "encrypted": "false",
                            "id": "vol-0e8774aba1d6a7974",
                            "iops": "480",
                            "kms_key_id": "",
                            "size": "160",
                            "snapshot_id": "",
                            "tags.%": "5",
                            "tags.Name": "dangdang-konvoy-v1.2.5-f71b-worker-pool-0-volume-imagefs-1",
                            "tags.konvoy/clusterName": "dangdang-konvoy-v1.2.5-f71b",
                            "tags.konvoy/nodeRoles": "worker",
                            "tags.konvoy/version": "v1.2.5",
                            "tags.owner": "michaelbi",
                            "type": "gp2"
                        },
                        "meta": {},
                        "tainted": false
                    },
                    "deposed": [],
                    "provider": "provider.aws"
                },
                "aws_ebs_volume.worker_pool0_imagefs.2": {
                    "type": "aws_ebs_volume",
                    "depends_on": [
                        "aws_instance.worker_pool0.*",
                        "local.cluster_name",
                        "local.common_tags_no_cluster"
                    ],
                    "primary": {
                        "id": "vol-0c109349840700dd9",
                        "attributes": {
                            "arn": "arn:aws:ec2:us-west-2:222638339470:volume/vol-0c109349840700dd9",
                            "availability_zone": "us-west-2c",
                            "encrypted": "false",
                            "id": "vol-0c109349840700dd9",
                            "iops": "480",
                            "kms_key_id": "",
                            "size": "160",
                            "snapshot_id": "",
                            "tags.%": "5",
                            "tags.Name": "dangdang-konvoy-v1.2.5-f71b-worker-pool-0-volume-imagefs-2",
                            "tags.konvoy/clusterName": "dangdang-konvoy-v1.2.5-f71b",
                            "tags.konvoy/nodeRoles": "worker",
                            "tags.konvoy/version": "v1.2.5",
                            "tags.owner": "michaelbi",
                            "type": "gp2"
                        },
                        "meta": {},
                        "tainted": false
                    },
                    "deposed": [],
                    "provider": "provider.aws"
                },
                "aws_ebs_volume.worker_pool0_imagefs.3": {
                    "type": "aws_ebs_volume",
                    "depends_on": [
                        "aws_instance.worker_pool0.*",
                        "local.cluster_name",
                        "local.common_tags_no_cluster"
                    ],
                    "primary": {
                        "id": "vol-062d1bc4d7eb39e9b",
                        "attributes": {
                            "arn": "arn:aws:ec2:us-west-2:222638339470:volume/vol-062d1bc4d7eb39e9b",
                            "availability_zone": "us-west-2c",
                            "encrypted": "false",
                            "id": "vol-062d1bc4d7eb39e9b",
                            "iops": "480",
                            "kms_key_id": "",
                            "size": "160",
                            "snapshot_id": "",
                            "tags.%": "5",
                            "tags.Name": "dangdang-konvoy-v1.2.5-f71b-worker-pool-0-volume-imagefs-3",
                            "tags.konvoy/clusterName": "dangdang-konvoy-v1.2.5-f71b",
                            "tags.konvoy/nodeRoles": "worker",
                            "tags.konvoy/version": "v1.2.5",
                            "tags.owner": "michaelbi",
                            "type": "gp2"
                        },
                        "meta": {},
                        "tainted": false
                    },
                    "deposed": [],
                    "provider": "provider.aws"
                },
                "aws_elb.konvoy_control_plane": {
                    "type": "aws_elb",
                    "depends_on": [
                        "aws_instance.control_plane.*",
                        "aws_security_group.konvoy_lb_control_plane",
                        "aws_security_group.konvoy_private",
                        "local.cluster_name",
                        "local.common_tags_no_cluster",
                        "local.elb_name",
                        "local.public_subnet_ids"
                    ],
                    "primary": {
                        "id": "dangdang-konvoy--f71b-lb-control",
                        "attributes": {
                            "access_logs.#": "0",
                            "arn": "arn:aws:elasticloadbalancing:us-west-2:222638339470:loadbalancer/dangdang-konvoy--f71b-lb-control",
                            "availability_zones.#": "1",
                            "availability_zones.2050015877": "us-west-2c",
                            "connection_draining": "true",
                            "connection_draining_timeout": "300",
                            "cross_zone_load_balancing": "true",
                            "dns_name": "dangdang-konvoy--f71b-lb-control-396595265.us-west-2.elb.amazonaws.com",
                            "health_check.#": "1",
                            "health_check.0.healthy_threshold": "2",
                            "health_check.0.interval": "10",
                            "health_check.0.target": "TCP:6443",
                            "health_check.0.timeout": "3",
                            "health_check.0.unhealthy_threshold": "2",
                            "id": "dangdang-konvoy--f71b-lb-control",
                            "idle_timeout": "3600",
                            "instances.#": "3",
                            "instances.1568079735": "i-0bd7c3edb3477a7d7",
                            "instances.3916348796": "i-0629bdb6839ff3599",
                            "instances.7948046": "i-08f0622a075411448",
                            "internal": "false",
                            "listener.#": "1",
                            "listener.3838681924.instance_port": "6443",
                            "listener.3838681924.instance_protocol": "tcp",
                            "listener.3838681924.lb_port": "6443",
                            "listener.3838681924.lb_protocol": "tcp",
                            "listener.3838681924.ssl_certificate_id": "",
                            "name": "dangdang-konvoy--f71b-lb-control",
                            "security_groups.#": "2",
                            "security_groups.3111530967": "sg-0ff32835100296f5e",
                            "security_groups.393561055": "sg-058e26085d21559a7",
                            "source_security_group": "222638339470/dangdang-konvoy-v1.2.5-f71b-sg-lb-control",
                            "source_security_group_id": "sg-0ff32835100296f5e",
                            "subnets.#": "1",
                            "subnets.3997019052": "subnet-0154ed0851df91392",
                            "tags.%": "5",
                            "tags.Name": "dangdang-konvoy-v1.2.5-f71b-lb-control-plane",
                            "tags.konvoy/clusterName": "dangdang-konvoy-v1.2.5-f71b",
                            "tags.konvoy/loadBalancer": "control_plane",
                            "tags.konvoy/version": "v1.2.5",
                            "tags.owner": "michaelbi",
                            "zone_id": "Z1H1FL5HABSF5"
                        },
                        "meta": {},
                        "tainted": false
                    },
                    "deposed": [],
                    "provider": "provider.aws"
                },
                "aws_iam_instance_profile.node_profile": {
                    "type": "aws_iam_instance_profile",
                    "depends_on": [
                        "aws_iam_role.node_role",
                        "local.node_profile_name"
                    ],
                    "primary": {
                        "id": "dangdang-konvoy-v1.2.5-f71b-node-profile",
                        "attributes": {
                            "arn": "arn:aws:iam::222638339470:instance-profile/dangdang-konvoy-v1.2.5-f71b-node-profile",
                            "create_date": "2019-12-05T12:10:38Z",
                            "id": "dangdang-konvoy-v1.2.5-f71b-node-profile",
                            "name": "dangdang-konvoy-v1.2.5-f71b-node-profile",
                            "path": "/",
                            "role": "dangdang-konvoy-v1.2.5-f71b-node-role",
                            "roles.#": "0",
                            "unique_id": "AIPATHVSHOWHM74XASTRP"
                        },
                        "meta": {},
                        "tainted": false
                    },
                    "deposed": [],
                    "provider": "provider.aws"
                },
                "aws_iam_role.node_role": {
                    "type": "aws_iam_role",
                    "depends_on": [
                        "local.ec2_service_principal",
                        "local.node_role_name"
                    ],
                    "primary": {
                        "id": "dangdang-konvoy-v1.2.5-f71b-node-role",
                        "attributes": {
                            "arn": "arn:aws:iam::222638339470:role/dangdang-konvoy-v1.2.5-f71b-node-role",
                            "assume_role_policy": "{\"Version\":\"2012-10-17\",\"Statement\":[{\"Sid\":\"\",\"Effect\":\"Allow\",\"Principal\":{\"Service\":\"ec2.amazonaws.com\"},\"Action\":\"sts:AssumeRole\"}]}",
                            "create_date": "2019-12-05T12:10:34Z",
                            "description": "",
                            "force_detach_policies": "false",
                            "id": "dangdang-konvoy-v1.2.5-f71b-node-role",
                            "max_session_duration": "3600",
                            "name": "dangdang-konvoy-v1.2.5-f71b-node-role",
                            "path": "/",
                            "tags.%": "0",
                            "unique_id": "AROATHVSHOWHGF5VAN2D5"
                        },
                        "meta": {},
                        "tainted": false
                    },
                    "deposed": [],
                    "provider": "provider.aws"
                },
                "aws_iam_role_policy.agent_policy": {
                    "type": "aws_iam_role_policy",
                    "depends_on": [
                        "aws_iam_role.node_role",
                        "local.node_policy_name"
                    ],
                    "primary": {
                        "id": "dangdang-konvoy-v1.2.5-f71b-node-role:dangdang-konvoy-v1.2.5-f71b-node-policy",
                        "attributes": {
                            "id": "dangdang-konvoy-v1.2.5-f71b-node-role:dangdang-konvoy-v1.2.5-f71b-node-policy",
                            "name": "dangdang-konvoy-v1.2.5-f71b-node-policy",
                            "policy": "{\n    \"Version\": \"2012-10-17\",\n    \"Statement\": [\n        {\n            \"Sid\": \"KubernetesCloudProvider\",\n            \"Action\": [\n              \"ec2:CreateTags\",\n              \"ec2:DeleteTags\",\n              \"ec2:DescribeTags\",\n              \"ec2:DescribeInstances\",\n              \"ec2:CreateVolume\",\n              \"ec2:DeleteVolume\",\n              \"ec2:AttachVolume\",\n              \"ec2:DetachVolume\",\n              \"ec2:DescribeVolumes\",\n              \"ec2:DescribeVolumeStatus\",\n              \"ec2:DescribeVolumeAttribute\",\n              \"ec2:CreateSnapshot\",\n              \"ec2:CopySnapshot\",\n              \"ec2:DeleteSnapshot\",\n              \"ec2:DescribeSnapshots\",\n              \"ec2:DescribeSnapshotAttribute\",\n              \"ec2:AuthorizeSecurityGroupIngress\",\n              \"ec2:CreateRoute\",\n              \"ec2:CreateSecurityGroup\",\n              \"ec2:DeleteSecurityGroup\",\n              \"ec2:DeleteRoute\",\n              \"ec2:DescribeRouteTables\",\n              \"ec2:DescribeSubnets\",\n              \"ec2:DescribeSecurityGroups\",\n              \"ec2:ModifyInstanceAttribute\",\n              \"ec2:RevokeSecurityGroupIngress\",\n              \"elasticloadbalancing:AttachLoadBalancerToSubnets\",\n              \"elasticloadbalancing:ApplySecurityGroupsToLoadBalancer\",\n              \"elasticloadbalancing:CreateLoadBalancer\",\n              \"elasticloadbalancing:CreateLoadBalancerPolicy\",\n              \"elasticloadbalancing:CreateLoadBalancerListeners\",\n              \"elasticloadbalancing:ConfigureHealthCheck\",\n              \"elasticloadbalancing:DeleteLoadBalancer\",\n              \"elasticloadbalancing:DeleteLoadBalancerListeners\",\n              \"elasticloadbalancing:DescribeLoadBalancers\",\n              \"elasticloadbalancing:DescribeLoadBalancerAttributes\",\n              \"elasticloadbalancing:DetachLoadBalancerFromSubnets\",\n              \"elasticloadbalancing:DeregisterInstancesFromLoadBalancer\",\n              \"elasticloadbalancing:ModifyLoadBalancerAttributes\",\n              \"elasticloadbalancing:RegisterInstancesWithLoadBalancer\",\n              \"elasticloadbalancing:SetLoadBalancerPoliciesForBackendServer\"\n            ],\n            \"Resource\": \"*\",\n            \"Effect\": \"Allow\"\n        }\n    ]\n}\n",
                            "role": "dangdang-konvoy-v1.2.5-f71b-node-role"
                        },
                        "meta": {},
                        "tainted": false
                    },
                    "deposed": [],
                    "provider": "provider.aws"
                },
                "aws_instance.control_plane.0": {
                    "type": "aws_instance",
                    "depends_on": [
                        "data.aws_availability_zones.available",
                        "data.aws_region.current",
                        "local.cluster_name",
                        "local.common_tags",
                        "local.common_tags_no_cluster",
                        "local.control_plane_instance_profile",
                        "local.control_plane_security_group",
                        "local.control_plane_security_group_with_bastion",
                        "local.control_plane_subnet_ids",
                        "local.default_ami_ids"
                    ],
                    "primary": {
                        "id": "i-08f0622a075411448",
                        "attributes": {
                            "ami": "ami-01ed306a12b7d1c96",
                            "arn": "arn:aws:ec2:us-west-2:222638339470:instance/i-08f0622a075411448",
                            "associate_public_ip_address": "true",
                            "availability_zone": "us-west-2c",
                            "cpu_core_count": "2",
                            "cpu_threads_per_core": "2",
                            "credit_specification.#": "1",
                            "credit_specification.0.cpu_credits": "unlimited",
                            "disable_api_termination": "false",
                            "ebs_block_device.#": "0",
                            "ebs_optimized": "false",
                            "ephemeral_block_device.#": "0",
                            "get_password_data": "false",
                            "iam_instance_profile": "dangdang-konvoy-v1.2.5-f71b-node-profile",
                            "id": "i-08f0622a075411448",
                            "instance_state": "running",
                            "instance_type": "t3.xlarge",
                            "ipv6_address_count": "0",
                            "ipv6_addresses.#": "0",
                            "key_name": "dangdang-konvoy-v1.2.5-f71b",
                            "monitoring": "false",
                            "network_interface.#": "0",
                            "password_data": "",
                            "placement_group": "",
                            "primary_network_interface_id": "eni-0265ec7e234508b4a",
                            "private_dns": "ip-10-0-195-245.us-west-2.compute.internal",
                            "private_ip": "10.0.195.245",
                            "public_dns": "ec2-54-189-84-93.us-west-2.compute.amazonaws.com",
                            "public_ip": "54.189.84.93",
                            "root_block_device.#": "1",
                            "root_block_device.0.delete_on_termination": "true",
                            "root_block_device.0.encrypted": "false",
                            "root_block_device.0.iops": "240",
                            "root_block_device.0.kms_key_id": "",
                            "root_block_device.0.volume_id": "vol-0f007d8b710ceeb4f",
                            "root_block_device.0.volume_size": "80",
                            "root_block_device.0.volume_type": "gp2",
                            "security_groups.#": "0",
                            "source_dest_check": "false",
                            "subnet_id": "subnet-0289727c6f3df7684",
                            "tags.%": "7",
                            "tags.Name": "dangdang-konvoy-v1.2.5-f71b-control-plane-0",
                            "tags.konvoy/clusterName": "dangdang-konvoy-v1.2.5-f71b",
                            "tags.konvoy/nodeRoles": "control_plane",
                            "tags.konvoy/version": "v1.2.5",
                            "tags.kubernetes.io/cluster": "dangdang-konvoy-v1.2.5-f71b",
                            "tags.kubernetes.io/cluster/dangdang-konvoy-v1.2.5-f71b": "owned",
                            "tags.owner": "michaelbi",
                            "tenancy": "default",
                            "volume_tags.%": "4",
                            "volume_tags.konvoy/clusterName": "dangdang-konvoy-v1.2.5-f71b",
                            "volume_tags.konvoy/nodeRoles": "control_plane",
                            "volume_tags.konvoy/version": "v1.2.5",
                            "volume_tags.owner": "michaelbi",
                            "vpc_security_group_ids.#": "3",
                            "vpc_security_group_ids.3066576795": "sg-091188f42301858c2",
                            "vpc_security_group_ids.3890670670": "sg-0d1065c19f676b18b",
                            "vpc_security_group_ids.393561055": "sg-058e26085d21559a7"
                        },
                        "meta": {
                            "e2bfb730-ecaa-11e6-8f88-34363bc7c4c0": {
                                "create": 600000000000,
                                "delete": 1200000000000,
                                "update": 600000000000
                            },
                            "schema_version": "1"
                        },
                        "tainted": false
                    },
                    "deposed": [],
                    "provider": "provider.aws"
                },
                "aws_instance.control_plane.1": {
                    "type": "aws_instance",
                    "depends_on": [
                        "data.aws_availability_zones.available",
                        "data.aws_region.current",
                        "local.cluster_name",
                        "local.common_tags",
                        "local.common_tags_no_cluster",
                        "local.control_plane_instance_profile",
                        "local.control_plane_security_group",
                        "local.control_plane_security_group_with_bastion",
                        "local.control_plane_subnet_ids",
                        "local.default_ami_ids"
                    ],
                    "primary": {
                        "id": "i-0bd7c3edb3477a7d7",
                        "attributes": {
                            "ami": "ami-01ed306a12b7d1c96",
                            "arn": "arn:aws:ec2:us-west-2:222638339470:instance/i-0bd7c3edb3477a7d7",
                            "associate_public_ip_address": "true",
                            "availability_zone": "us-west-2c",
                            "cpu_core_count": "2",
                            "cpu_threads_per_core": "2",
                            "credit_specification.#": "1",
                            "credit_specification.0.cpu_credits": "unlimited",
                            "disable_api_termination": "false",
                            "ebs_block_device.#": "0",
                            "ebs_optimized": "false",
                            "ephemeral_block_device.#": "0",
                            "get_password_data": "false",
                            "iam_instance_profile": "dangdang-konvoy-v1.2.5-f71b-node-profile",
                            "id": "i-0bd7c3edb3477a7d7",
                            "instance_state": "running",
                            "instance_type": "t3.xlarge",
                            "ipv6_address_count": "0",
                            "ipv6_addresses.#": "0",
                            "key_name": "dangdang-konvoy-v1.2.5-f71b",
                            "monitoring": "false",
                            "network_interface.#": "0",
                            "password_data": "",
                            "placement_group": "",
                            "primary_network_interface_id": "eni-0af90064259aaa58e",
                            "private_dns": "ip-10-0-193-133.us-west-2.compute.internal",
                            "private_ip": "10.0.193.133",
                            "public_dns": "ec2-54-187-6-146.us-west-2.compute.amazonaws.com",
                            "public_ip": "54.187.6.146",
                            "root_block_device.#": "1",
                            "root_block_device.0.delete_on_termination": "true",
                            "root_block_device.0.encrypted": "false",
                            "root_block_device.0.iops": "240",
                            "root_block_device.0.kms_key_id": "",
                            "root_block_device.0.volume_id": "vol-0a5db4a841d8767e6",
                            "root_block_device.0.volume_size": "80",
                            "root_block_device.0.volume_type": "gp2",
                            "security_groups.#": "0",
                            "source_dest_check": "false",
                            "subnet_id": "subnet-0289727c6f3df7684",
                            "tags.%": "7",
                            "tags.Name": "dangdang-konvoy-v1.2.5-f71b-control-plane-1",
                            "tags.konvoy/clusterName": "dangdang-konvoy-v1.2.5-f71b",
                            "tags.konvoy/nodeRoles": "control_plane",
                            "tags.konvoy/version": "v1.2.5",
                            "tags.kubernetes.io/cluster": "dangdang-konvoy-v1.2.5-f71b",
                            "tags.kubernetes.io/cluster/dangdang-konvoy-v1.2.5-f71b": "owned",
                            "tags.owner": "michaelbi",
                            "tenancy": "default",
                            "volume_tags.%": "4",
                            "volume_tags.konvoy/clusterName": "dangdang-konvoy-v1.2.5-f71b",
                            "volume_tags.konvoy/nodeRoles": "control_plane",
                            "volume_tags.konvoy/version": "v1.2.5",
                            "volume_tags.owner": "michaelbi",
                            "vpc_security_group_ids.#": "3",
                            "vpc_security_group_ids.3066576795": "sg-091188f42301858c2",
                            "vpc_security_group_ids.3890670670": "sg-0d1065c19f676b18b",
                            "vpc_security_group_ids.393561055": "sg-058e26085d21559a7"
                        },
                        "meta": {
                            "e2bfb730-ecaa-11e6-8f88-34363bc7c4c0": {
                                "create": 600000000000,
                                "delete": 1200000000000,
                                "update": 600000000000
                            },
                            "schema_version": "1"
                        },
                        "tainted": false
                    },
                    "deposed": [],
                    "provider": "provider.aws"
                },
                "aws_instance.control_plane.2": {
                    "type": "aws_instance",
                    "depends_on": [
                        "data.aws_availability_zones.available",
                        "data.aws_region.current",
                        "local.cluster_name",
                        "local.common_tags",
                        "local.common_tags_no_cluster",
                        "local.control_plane_instance_profile",
                        "local.control_plane_security_group",
                        "local.control_plane_security_group_with_bastion",
                        "local.control_plane_subnet_ids",
                        "local.default_ami_ids"
                    ],
                    "primary": {
                        "id": "i-0629bdb6839ff3599",
                        "attributes": {
                            "ami": "ami-01ed306a12b7d1c96",
                            "arn": "arn:aws:ec2:us-west-2:222638339470:instance/i-0629bdb6839ff3599",
                            "associate_public_ip_address": "true",
                            "availability_zone": "us-west-2c",
                            "cpu_core_count": "2",
                            "cpu_threads_per_core": "2",
                            "credit_specification.#": "1",
                            "credit_specification.0.cpu_credits": "unlimited",
                            "disable_api_termination": "false",
                            "ebs_block_device.#": "0",
                            "ebs_optimized": "false",
                            "ephemeral_block_device.#": "0",
                            "get_password_data": "false",
                            "iam_instance_profile": "dangdang-konvoy-v1.2.5-f71b-node-profile",
                            "id": "i-0629bdb6839ff3599",
                            "instance_state": "running",
                            "instance_type": "t3.xlarge",
                            "ipv6_address_count": "0",
                            "ipv6_addresses.#": "0",
                            "key_name": "dangdang-konvoy-v1.2.5-f71b",
                            "monitoring": "false",
                            "network_interface.#": "0",
                            "password_data": "",
                            "placement_group": "",
                            "primary_network_interface_id": "eni-08bddf58fcbe70ed1",
                            "private_dns": "ip-10-0-194-198.us-west-2.compute.internal",
                            "private_ip": "10.0.194.198",
                            "public_dns": "ec2-54-218-107-151.us-west-2.compute.amazonaws.com",
                            "public_ip": "54.218.107.151",
                            "root_block_device.#": "1",
                            "root_block_device.0.delete_on_termination": "true",
                            "root_block_device.0.encrypted": "false",
                            "root_block_device.0.iops": "240",
                            "root_block_device.0.kms_key_id": "",
                            "root_block_device.0.volume_id": "vol-01316afef7421594f",
                            "root_block_device.0.volume_size": "80",
                            "root_block_device.0.volume_type": "gp2",
                            "security_groups.#": "0",
                            "source_dest_check": "false",
                            "subnet_id": "subnet-0289727c6f3df7684",
                            "tags.%": "7",
                            "tags.Name": "dangdang-konvoy-v1.2.5-f71b-control-plane-2",
                            "tags.konvoy/clusterName": "dangdang-konvoy-v1.2.5-f71b",
                            "tags.konvoy/nodeRoles": "control_plane",
                            "tags.konvoy/version": "v1.2.5",
                            "tags.kubernetes.io/cluster": "dangdang-konvoy-v1.2.5-f71b",
                            "tags.kubernetes.io/cluster/dangdang-konvoy-v1.2.5-f71b": "owned",
                            "tags.owner": "michaelbi",
                            "tenancy": "default",
                            "volume_tags.%": "4",
                            "volume_tags.konvoy/clusterName": "dangdang-konvoy-v1.2.5-f71b",
                            "volume_tags.konvoy/nodeRoles": "control_plane",
                            "volume_tags.konvoy/version": "v1.2.5",
                            "volume_tags.owner": "michaelbi",
                            "vpc_security_group_ids.#": "3",
                            "vpc_security_group_ids.3066576795": "sg-091188f42301858c2",
                            "vpc_security_group_ids.3890670670": "sg-0d1065c19f676b18b",
                            "vpc_security_group_ids.393561055": "sg-058e26085d21559a7"
                        },
                        "meta": {
                            "e2bfb730-ecaa-11e6-8f88-34363bc7c4c0": {
                                "create": 600000000000,
                                "delete": 1200000000000,
                                "update": 600000000000
                            },
                            "schema_version": "1"
                        },
                        "tainted": false
                    },
                    "deposed": [],
                    "provider": "provider.aws"
                },
                "aws_instance.worker_pool0.0": {
                    "type": "aws_instance",
                    "depends_on": [
                        "data.aws_availability_zones.available",
                        "data.aws_region.current",
                        "local.cluster_name",
                        "local.common_tags",
                        "local.common_tags_no_cluster",
                        "local.default_ami_ids",
                        "local.worker0_instance_profile",
                        "local.worker0_subnet_ids",
                        "local.worker_security_group",
                        "local.worker_security_group_with_bastion"
                    ],
                    "primary": {
                        "id": "i-0f49f01095b59ec81",
                        "attributes": {
                            "ami": "ami-01ed306a12b7d1c96",
                            "arn": "arn:aws:ec2:us-west-2:222638339470:instance/i-0f49f01095b59ec81",
                            "associate_public_ip_address": "true",
                            "availability_zone": "us-west-2c",
                            "cpu_core_count": "4",
                            "cpu_threads_per_core": "2",
                            "credit_specification.#": "1",
                            "credit_specification.0.cpu_credits": "unlimited",
                            "disable_api_termination": "false",
                            "ebs_block_device.#": "0",
                            "ebs_optimized": "false",
                            "ephemeral_block_device.#": "0",
                            "get_password_data": "false",
                            "iam_instance_profile": "dangdang-konvoy-v1.2.5-f71b-node-profile",
                            "id": "i-0f49f01095b59ec81",
                            "instance_state": "running",
                            "instance_type": "t3.2xlarge",
                            "ipv6_address_count": "0",
                            "ipv6_addresses.#": "0",
                            "key_name": "dangdang-konvoy-v1.2.5-f71b",
                            "monitoring": "false",
                            "network_interface.#": "0",
                            "password_data": "",
                            "placement_group": "",
                            "primary_network_interface_id": "eni-015943bc00de648c7",
                            "private_dns": "ip-10-0-131-198.us-west-2.compute.internal",
                            "private_ip": "10.0.131.198",
                            "public_dns": "ec2-34-221-91-120.us-west-2.compute.amazonaws.com",
                            "public_ip": "34.221.91.120",
                            "root_block_device.#": "1",
                            "root_block_device.0.delete_on_termination": "true",
                            "root_block_device.0.encrypted": "false",
                            "root_block_device.0.iops": "240",
                            "root_block_device.0.kms_key_id": "",
                            "root_block_device.0.volume_id": "vol-03b5fc0dc6b8cc98d",
                            "root_block_device.0.volume_size": "80",
                            "root_block_device.0.volume_type": "gp2",
                            "security_groups.#": "0",
                            "source_dest_check": "false",
                            "subnet_id": "subnet-0f55fff423680a299",
                            "tags.%": "7",
                            "tags.Name": "dangdang-konvoy-v1.2.5-f71b-worker-0",
                            "tags.konvoy/clusterName": "dangdang-konvoy-v1.2.5-f71b",
                            "tags.konvoy/nodeRoles": "worker",
                            "tags.konvoy/version": "v1.2.5",
                            "tags.kubernetes.io/cluster": "dangdang-konvoy-v1.2.5-f71b",
                            "tags.kubernetes.io/cluster/dangdang-konvoy-v1.2.5-f71b": "owned",
                            "tags.owner": "michaelbi",
                            "tenancy": "default",
                            "volume_tags.%": "4",
                            "volume_tags.konvoy/clusterName": "dangdang-konvoy-v1.2.5-f71b",
                            "volume_tags.konvoy/nodeRoles": "worker",
                            "volume_tags.konvoy/version": "v1.2.5",
                            "volume_tags.owner": "michaelbi",
                            "vpc_security_group_ids.#": "3",
                            "vpc_security_group_ids.3066576795": "sg-091188f42301858c2",
                            "vpc_security_group_ids.3890670670": "sg-0d1065c19f676b18b",
                            "vpc_security_group_ids.393561055": "sg-058e26085d21559a7"
                        },
                        "meta": {
                            "e2bfb730-ecaa-11e6-8f88-34363bc7c4c0": {
                                "create": 600000000000,
                                "delete": 1200000000000,
                                "update": 600000000000
                            },
                            "schema_version": "1"
                        },
                        "tainted": false
                    },
                    "deposed": [],
                    "provider": "provider.aws"
                },
                "aws_instance.worker_pool0.1": {
                    "type": "aws_instance",
                    "depends_on": [
                        "data.aws_availability_zones.available",
                        "data.aws_region.current",
                        "local.cluster_name",
                        "local.common_tags",
                        "local.common_tags_no_cluster",
                        "local.default_ami_ids",
                        "local.worker0_instance_profile",
                        "local.worker0_subnet_ids",
                        "local.worker_security_group",
                        "local.worker_security_group_with_bastion"
                    ],
                    "primary": {
                        "id": "i-0a8125a93432197d6",
                        "attributes": {
                            "ami": "ami-01ed306a12b7d1c96",
                            "arn": "arn:aws:ec2:us-west-2:222638339470:instance/i-0a8125a93432197d6",
                            "associate_public_ip_address": "true",
                            "availability_zone": "us-west-2c",
                            "cpu_core_count": "4",
                            "cpu_threads_per_core": "2",
                            "credit_specification.#": "1",
                            "credit_specification.0.cpu_credits": "unlimited",
                            "disable_api_termination": "false",
                            "ebs_block_device.#": "0",
                            "ebs_optimized": "false",
                            "ephemeral_block_device.#": "0",
                            "get_password_data": "false",
                            "iam_instance_profile": "dangdang-konvoy-v1.2.5-f71b-node-profile",
                            "id": "i-0a8125a93432197d6",
                            "instance_state": "running",
                            "instance_type": "t3.2xlarge",
                            "ipv6_address_count": "0",
                            "ipv6_addresses.#": "0",
                            "key_name": "dangdang-konvoy-v1.2.5-f71b",
                            "monitoring": "false",
                            "network_interface.#": "0",
                            "password_data": "",
                            "placement_group": "",
                            "primary_network_interface_id": "eni-011b8c9085119bd70",
                            "private_dns": "ip-10-0-128-120.us-west-2.compute.internal",
                            "private_ip": "10.0.128.120",
                            "public_dns": "ec2-52-89-96-33.us-west-2.compute.amazonaws.com",
                            "public_ip": "52.89.96.33",
                            "root_block_device.#": "1",
                            "root_block_device.0.delete_on_termination": "true",
                            "root_block_device.0.encrypted": "false",
                            "root_block_device.0.iops": "240",
                            "root_block_device.0.kms_key_id": "",
                            "root_block_device.0.volume_id": "vol-028f1347b310d13ae",
                            "root_block_device.0.volume_size": "80",
                            "root_block_device.0.volume_type": "gp2",
                            "security_groups.#": "0",
                            "source_dest_check": "false",
                            "subnet_id": "subnet-0f55fff423680a299",
                            "tags.%": "7",
                            "tags.Name": "dangdang-konvoy-v1.2.5-f71b-worker-1",
                            "tags.konvoy/clusterName": "dangdang-konvoy-v1.2.5-f71b",
                            "tags.konvoy/nodeRoles": "worker",
                            "tags.konvoy/version": "v1.2.5",
                            "tags.kubernetes.io/cluster": "dangdang-konvoy-v1.2.5-f71b",
                            "tags.kubernetes.io/cluster/dangdang-konvoy-v1.2.5-f71b": "owned",
                            "tags.owner": "michaelbi",
                            "tenancy": "default",
                            "volume_tags.%": "4",
                            "volume_tags.konvoy/clusterName": "dangdang-konvoy-v1.2.5-f71b",
                            "volume_tags.konvoy/nodeRoles": "worker",
                            "volume_tags.konvoy/version": "v1.2.5",
                            "volume_tags.owner": "michaelbi",
                            "vpc_security_group_ids.#": "3",
                            "vpc_security_group_ids.3066576795": "sg-091188f42301858c2",
                            "vpc_security_group_ids.3890670670": "sg-0d1065c19f676b18b",
                            "vpc_security_group_ids.393561055": "sg-058e26085d21559a7"
                        },
                        "meta": {
                            "e2bfb730-ecaa-11e6-8f88-34363bc7c4c0": {
                                "create": 600000000000,
                                "delete": 1200000000000,
                                "update": 600000000000
                            },
                            "schema_version": "1"
                        },
                        "tainted": false
                    },
                    "deposed": [],
                    "provider": "provider.aws"
                },
                "aws_instance.worker_pool0.2": {
                    "type": "aws_instance",
                    "depends_on": [
                        "data.aws_availability_zones.available",
                        "data.aws_region.current",
                        "local.cluster_name",
                        "local.common_tags",
                        "local.common_tags_no_cluster",
                        "local.default_ami_ids",
                        "local.worker0_instance_profile",
                        "local.worker0_subnet_ids",
                        "local.worker_security_group",
                        "local.worker_security_group_with_bastion"
                    ],
                    "primary": {
                        "id": "i-0605aacae473050b7",
                        "attributes": {
                            "ami": "ami-01ed306a12b7d1c96",
                            "arn": "arn:aws:ec2:us-west-2:222638339470:instance/i-0605aacae473050b7",
                            "associate_public_ip_address": "true",
                            "availability_zone": "us-west-2c",
                            "cpu_core_count": "4",
                            "cpu_threads_per_core": "2",
                            "credit_specification.#": "1",
                            "credit_specification.0.cpu_credits": "unlimited",
                            "disable_api_termination": "false",
                            "ebs_block_device.#": "0",
                            "ebs_optimized": "false",
                            "ephemeral_block_device.#": "0",
                            "get_password_data": "false",
                            "iam_instance_profile": "dangdang-konvoy-v1.2.5-f71b-node-profile",
                            "id": "i-0605aacae473050b7",
                            "instance_state": "running",
                            "instance_type": "t3.2xlarge",
                            "ipv6_address_count": "0",
                            "ipv6_addresses.#": "0",
                            "key_name": "dangdang-konvoy-v1.2.5-f71b",
                            "monitoring": "false",
                            "network_interface.#": "0",
                            "password_data": "",
                            "placement_group": "",
                            "primary_network_interface_id": "eni-0058c953283b7bcaf",
                            "private_dns": "ip-10-0-128-189.us-west-2.compute.internal",
                            "private_ip": "10.0.128.189",
                            "public_dns": "ec2-52-88-49-117.us-west-2.compute.amazonaws.com",
                            "public_ip": "52.88.49.117",
                            "root_block_device.#": "1",
                            "root_block_device.0.delete_on_termination": "true",
                            "root_block_device.0.encrypted": "false",
                            "root_block_device.0.iops": "240",
                            "root_block_device.0.kms_key_id": "",
                            "root_block_device.0.volume_id": "vol-0550d5f28d9e0dc76",
                            "root_block_device.0.volume_size": "80",
                            "root_block_device.0.volume_type": "gp2",
                            "security_groups.#": "0",
                            "source_dest_check": "false",
                            "subnet_id": "subnet-0f55fff423680a299",
                            "tags.%": "7",
                            "tags.Name": "dangdang-konvoy-v1.2.5-f71b-worker-2",
                            "tags.konvoy/clusterName": "dangdang-konvoy-v1.2.5-f71b",
                            "tags.konvoy/nodeRoles": "worker",
                            "tags.konvoy/version": "v1.2.5",
                            "tags.kubernetes.io/cluster": "dangdang-konvoy-v1.2.5-f71b",
                            "tags.kubernetes.io/cluster/dangdang-konvoy-v1.2.5-f71b": "owned",
                            "tags.owner": "michaelbi",
                            "tenancy": "default",
                            "volume_tags.%": "4",
                            "volume_tags.konvoy/clusterName": "dangdang-konvoy-v1.2.5-f71b",
                            "volume_tags.konvoy/nodeRoles": "worker",
                            "volume_tags.konvoy/version": "v1.2.5",
                            "volume_tags.owner": "michaelbi",
                            "vpc_security_group_ids.#": "3",
                            "vpc_security_group_ids.3066576795": "sg-091188f42301858c2",
                            "vpc_security_group_ids.3890670670": "sg-0d1065c19f676b18b",
                            "vpc_security_group_ids.393561055": "sg-058e26085d21559a7"
                        },
                        "meta": {
                            "e2bfb730-ecaa-11e6-8f88-34363bc7c4c0": {
                                "create": 600000000000,
                                "delete": 1200000000000,
                                "update": 600000000000
                            },
                            "schema_version": "1"
                        },
                        "tainted": false
                    },
                    "deposed": [],
                    "provider": "provider.aws"
                },
                "aws_instance.worker_pool0.3": {
                    "type": "aws_instance",
                    "depends_on": [
                        "data.aws_availability_zones.available",
                        "data.aws_region.current",
                        "local.cluster_name",
                        "local.common_tags",
                        "local.common_tags_no_cluster",
                        "local.default_ami_ids",
                        "local.worker0_instance_profile",
                        "local.worker0_subnet_ids",
                        "local.worker_security_group",
                        "local.worker_security_group_with_bastion"
                    ],
                    "primary": {
                        "id": "i-0ad0864fd8ae7b54c",
                        "attributes": {
                            "ami": "ami-01ed306a12b7d1c96",
                            "arn": "arn:aws:ec2:us-west-2:222638339470:instance/i-0ad0864fd8ae7b54c",
                            "associate_public_ip_address": "true",
                            "availability_zone": "us-west-2c",
                            "cpu_core_count": "4",
                            "cpu_threads_per_core": "2",
                            "credit_specification.#": "1",
                            "credit_specification.0.cpu_credits": "unlimited",
                            "disable_api_termination": "false",
                            "ebs_block_device.#": "0",
                            "ebs_optimized": "false",
                            "ephemeral_block_device.#": "0",
                            "get_password_data": "false",
                            "iam_instance_profile": "dangdang-konvoy-v1.2.5-f71b-node-profile",
                            "id": "i-0ad0864fd8ae7b54c",
                            "instance_state": "running",
                            "instance_type": "t3.2xlarge",
                            "ipv6_address_count": "0",
                            "ipv6_addresses.#": "0",
                            "key_name": "dangdang-konvoy-v1.2.5-f71b",
                            "monitoring": "false",
                            "network_interface.#": "0",
                            "password_data": "",
                            "placement_group": "",
                            "primary_network_interface_id": "eni-07faac5346868d1b8",
                            "private_dns": "ip-10-0-131-245.us-west-2.compute.internal",
                            "private_ip": "10.0.131.245",
                            "public_dns": "ec2-54-202-111-232.us-west-2.compute.amazonaws.com",
                            "public_ip": "54.202.111.232",
                            "root_block_device.#": "1",
                            "root_block_device.0.delete_on_termination": "true",
                            "root_block_device.0.encrypted": "false",
                            "root_block_device.0.iops": "240",
                            "root_block_device.0.kms_key_id": "",
                            "root_block_device.0.volume_id": "vol-0ed8e9f5cd5f433b1",
                            "root_block_device.0.volume_size": "80",
                            "root_block_device.0.volume_type": "gp2",
                            "security_groups.#": "0",
                            "source_dest_check": "false",
                            "subnet_id": "subnet-0f55fff423680a299",
                            "tags.%": "7",
                            "tags.Name": "dangdang-konvoy-v1.2.5-f71b-worker-3",
                            "tags.konvoy/clusterName": "dangdang-konvoy-v1.2.5-f71b",
                            "tags.konvoy/nodeRoles": "worker",
                            "tags.konvoy/version": "v1.2.5",
                            "tags.kubernetes.io/cluster": "dangdang-konvoy-v1.2.5-f71b",
                            "tags.kubernetes.io/cluster/dangdang-konvoy-v1.2.5-f71b": "owned",
                            "tags.owner": "michaelbi",
                            "tenancy": "default",
                            "volume_tags.%": "4",
                            "volume_tags.konvoy/clusterName": "dangdang-konvoy-v1.2.5-f71b",
                            "volume_tags.konvoy/nodeRoles": "worker",
                            "volume_tags.konvoy/version": "v1.2.5",
                            "volume_tags.owner": "michaelbi",
                            "vpc_security_group_ids.#": "3",
                            "vpc_security_group_ids.3066576795": "sg-091188f42301858c2",
                            "vpc_security_group_ids.3890670670": "sg-0d1065c19f676b18b",
                            "vpc_security_group_ids.393561055": "sg-058e26085d21559a7"
                        },
                        "meta": {
                            "e2bfb730-ecaa-11e6-8f88-34363bc7c4c0": {
                                "create": 600000000000,
                                "delete": 1200000000000,
                                "update": 600000000000
                            },
                            "schema_version": "1"
                        },
                        "tainted": false
                    },
                    "deposed": [],
                    "provider": "provider.aws"
                },
                "aws_internet_gateway.konvoy_gateway": {
                    "type": "aws_internet_gateway",
                    "depends_on": [
                        "local.cluster_name",
                        "local.common_tags",
                        "local.vpc_id"
                    ],
                    "primary": {
                        "id": "igw-0507e14afe5b7593a",
                        "attributes": {
                            "id": "igw-0507e14afe5b7593a",
                            "owner_id": "222638339470",
                            "tags.%": "6",
                            "tags.Name": "dangdang-konvoy-v1.2.5-f71b-gateway",
                            "tags.konvoy/clusterName": "dangdang-konvoy-v1.2.5-f71b",
                            "tags.konvoy/version": "v1.2.5",
                            "tags.kubernetes.io/cluster": "dangdang-konvoy-v1.2.5-f71b",
                            "tags.kubernetes.io/cluster/dangdang-konvoy-v1.2.5-f71b": "owned",
                            "tags.owner": "michaelbi",
                            "vpc_id": "vpc-071355a7105edf6b4"
                        },
                        "meta": {},
                        "tainted": false
                    },
                    "deposed": [],
                    "provider": "provider.aws"
                },
                "aws_key_pair.konvoy": {
                    "type": "aws_key_pair",
                    "depends_on": [
                        "local.cluster_name"
                    ],
                    "primary": {
                        "id": "dangdang-konvoy-v1.2.5-f71b",
                        "attributes": {
                            "fingerprint": "8d:65:55:72:49:54:bf:0d:7f:a5:f1:f2:a7:b9:31:88",
                            "id": "dangdang-konvoy-v1.2.5-f71b",
                            "key_name": "dangdang-konvoy-v1.2.5-f71b",
                            "public_key": "ssh-rsa AAAAB3NzaC1yc2EAAAADAQABAAACAQC8l9ckIwuY8mtwS8Q4esOaCBvpSzvR/aQyVX9VRd6B4Pq6QrKPUlA9DODrzzBIsP/GInLFbLoGFFF8S0P0s0vvsW8Ea+3zxWbi6vaIKoLqkhosbpJIMjJrtCvwWLUd0RRU+ch2mwSHbBXu69Cw5y840Y9pyzC+RnO5n1S+5Y5/6NwhBPu95ouiELsqZ+FImt2WEvPKz6sVJO0tdBTsomi31HMwDwfwaP0OdoVMKvod29SG4NU9RtcmwL28cp3JaI7INstLKjAg/7C9N4WqWmhlz2gPgytAWnhcm7n+UA3tITe11CV7JYwDlvs8dLgyhAzp0q8SB212l1WpxwH27mXKWnf8S7Yl9BKto6V42Ma8ijm9Z2XZvjjHAjsg5gE86SPO35XmQnNuiJnEum9/69njfwX85jtWZYJbDJeUXWlqYJJojvGuRAOpfNziYiIgw4qT197JdeaRw1YD7Bi6QiV41LGkEt0AdJwbgHikGhi9zwe2rPxUDp1+KXVEf7JxiHG80o0A+e9Zp8V5eqY65XwFglLYnY+H2P+2GfaxtBYDVWfgkKt/AMOhl2ch8AKDoAc3VDdNMrsbmykLCiX7rKiEnkb1T1AV4NVzlXevQYH5zNHHd4sS1zwZgzio/soDeq/OhZmDqI2tnEuqeUaI1/fRtT1vhLpEA8aAkaFzDaHN8w=="
                        },
                        "meta": {
                            "schema_version": "1"
                        },
                        "tainted": false
                    },
                    "deposed": [],
                    "provider": "provider.aws"
                },
                "aws_route.konvoy_gateway_route": {
                    "type": "aws_route",
                    "depends_on": [
                        "aws_internet_gateway.konvoy_gateway.*",
                        "aws_vpc.konvoy.*"
                    ],
                    "primary": {
                        "id": "r-rtb-0785f9331917348d51080289494",
                        "attributes": {
                            "destination_cidr_block": "0.0.0.0/0",
                            "destination_prefix_list_id": "",
                            "egress_only_gateway_id": "",
                            "gateway_id": "igw-0507e14afe5b7593a",
                            "id": "r-rtb-0785f9331917348d51080289494",
                            "instance_id": "",
                            "instance_owner_id": "",
                            "nat_gateway_id": "",
                            "network_interface_id": "",
                            "origin": "CreateRoute",
                            "route_table_id": "rtb-0785f9331917348d5",
                            "state": "active",
                            "transit_gateway_id": "",
                            "vpc_peering_connection_id": ""
                        },
                        "meta": {
                            "e2bfb730-ecaa-11e6-8f88-34363bc7c4c0": {
                                "create": 120000000000,
                                "delete": 300000000000
                            }
                        },
                        "tainted": false
                    },
                    "deposed": [],
                    "provider": "provider.aws"
                },
                "aws_security_group.konvoy_egress": {
                    "type": "aws_security_group",
                    "depends_on": [
                        "local.cluster_name",
                        "local.common_tags_no_cluster",
                        "local.sg_egress_name",
                        "local.vpc_id"
                    ],
                    "primary": {
                        "id": "sg-091188f42301858c2",
                        "attributes": {
                            "arn": "arn:aws:ec2:us-west-2:222638339470:security-group/sg-091188f42301858c2",
                            "description": "Allow all egress communication.",
                            "egress.#": "1",
                            "egress.482069346.cidr_blocks.#": "1",
                            "egress.482069346.cidr_blocks.0": "0.0.0.0/0",
                            "egress.482069346.description": "",
                            "egress.482069346.from_port": "0",
                            "egress.482069346.ipv6_cidr_blocks.#": "0",
                            "egress.482069346.prefix_list_ids.#": "0",
                            "egress.482069346.protocol": "-1",
                            "egress.482069346.security_groups.#": "0",
                            "egress.482069346.self": "false",
                            "egress.482069346.to_port": "0",
                            "id": "sg-091188f42301858c2",
                            "ingress.#": "0",
                            "name": "dangdang-konvoy-v1.2.5-f71b-sg-egress",
                            "owner_id": "222638339470",
                            "revoke_rules_on_delete": "false",
                            "tags.%": "5",
                            "tags.Name": "dangdang-konvoy-v1.2.5-f71b-securitygroup-egress",
                            "tags.konvoy/clusterName": "dangdang-konvoy-v1.2.5-f71b",
                            "tags.konvoy/securityGroup": "egress",
                            "tags.konvoy/version": "v1.2.5",
                            "tags.owner": "michaelbi",
                            "vpc_id": "vpc-071355a7105edf6b4"
                        },
                        "meta": {
                            "e2bfb730-ecaa-11e6-8f88-34363bc7c4c0": {
                                "create": 600000000000,
                                "delete": 600000000000
                            },
                            "schema_version": "1"
                        },
                        "tainted": false
                    },
                    "deposed": [],
                    "provider": "provider.aws"
                },
                "aws_security_group.konvoy_lb_control_plane": {
                    "type": "aws_security_group",
                    "depends_on": [
                        "local.cluster_name",
                        "local.common_tags_no_cluster",
                        "local.sg_control_plane_name",
                        "local.vpc_id"
                    ],
                    "primary": {
                        "id": "sg-0ff32835100296f5e",
                        "attributes": {
                            "arn": "arn:aws:ec2:us-west-2:222638339470:security-group/sg-0ff32835100296f5e",
                            "description": "Allow inbound on 6443 for kube-apiserver load balancer.",
                            "egress.#": "0",
                            "id": "sg-0ff32835100296f5e",
                            "ingress.#": "1",
                            "ingress.1463360607.cidr_blocks.#": "1",
                            "ingress.1463360607.cidr_blocks.0": "0.0.0.0/0",
                            "ingress.1463360607.description": "",
                            "ingress.1463360607.from_port": "6443",
                            "ingress.1463360607.ipv6_cidr_blocks.#": "0",
                            "ingress.1463360607.prefix_list_ids.#": "0",
                            "ingress.1463360607.protocol": "tcp",
                            "ingress.1463360607.security_groups.#": "0",
                            "ingress.1463360607.self": "false",
                            "ingress.1463360607.to_port": "6443",
                            "name": "dangdang-konvoy-v1.2.5-f71b-sg-lb-control",
                            "owner_id": "222638339470",
                            "revoke_rules_on_delete": "false",
                            "tags.%": "5",
                            "tags.Name": "dangdang-konvoy-v1.2.5-f71b-securitygroup-lb-control-plane",
                            "tags.konvoy/clusterName": "dangdang-konvoy-v1.2.5-f71b",
                            "tags.konvoy/securityGroup": "lb-control-plane",
                            "tags.konvoy/version": "v1.2.5",
                            "tags.owner": "michaelbi",
                            "vpc_id": "vpc-071355a7105edf6b4"
                        },
                        "meta": {
                            "e2bfb730-ecaa-11e6-8f88-34363bc7c4c0": {
                                "create": 600000000000,
                                "delete": 600000000000
                            },
                            "schema_version": "1"
                        },
                        "tainted": false
                    },
                    "deposed": [],
                    "provider": "provider.aws"
                },
                "aws_security_group.konvoy_private": {
                    "type": "aws_security_group",
                    "depends_on": [
                        "local.cluster_name",
                        "local.common_tags",
                        "local.sg_private_name",
                        "local.vpc_id"
                    ],
                    "primary": {
                        "id": "sg-058e26085d21559a7",
                        "attributes": {
                            "arn": "arn:aws:ec2:us-west-2:222638339470:security-group/sg-058e26085d21559a7",
                            "description": "Allow all communication between nodes.",
                            "egress.#": "1",
                            "egress.753360330.cidr_blocks.#": "0",
                            "egress.753360330.description": "",
                            "egress.753360330.from_port": "0",
                            "egress.753360330.ipv6_cidr_blocks.#": "0",
                            "egress.753360330.prefix_list_ids.#": "0",
                            "egress.753360330.protocol": "-1",
                            "egress.753360330.security_groups.#": "0",
                            "egress.753360330.self": "true",
                            "egress.753360330.to_port": "0",
                            "id": "sg-058e26085d21559a7",
                            "ingress.#": "1",
                            "ingress.753360330.cidr_blocks.#": "0",
                            "ingress.753360330.description": "",
                            "ingress.753360330.from_port": "0",
                            "ingress.753360330.ipv6_cidr_blocks.#": "0",
                            "ingress.753360330.prefix_list_ids.#": "0",
                            "ingress.753360330.protocol": "-1",
                            "ingress.753360330.security_groups.#": "0",
                            "ingress.753360330.self": "true",
                            "ingress.753360330.to_port": "0",
                            "name": "dangdang-konvoy-v1.2.5-f71b-sg-private",
                            "owner_id": "222638339470",
                            "revoke_rules_on_delete": "false",
                            "tags.%": "7",
                            "tags.Name": "dangdang-konvoy-v1.2.5-f71b-securitygroup-private",
                            "tags.konvoy/clusterName": "dangdang-konvoy-v1.2.5-f71b",
                            "tags.konvoy/securityGroup": "private",
                            "tags.konvoy/version": "v1.2.5",
                            "tags.kubernetes.io/cluster": "dangdang-konvoy-v1.2.5-f71b",
                            "tags.kubernetes.io/cluster/dangdang-konvoy-v1.2.5-f71b": "owned",
                            "tags.owner": "michaelbi",
                            "vpc_id": "vpc-071355a7105edf6b4"
                        },
                        "meta": {
                            "e2bfb730-ecaa-11e6-8f88-34363bc7c4c0": {
                                "create": 600000000000,
                                "delete": 600000000000
                            },
                            "schema_version": "1"
                        },
                        "tainted": false
                    },
                    "deposed": [],
                    "provider": "provider.aws"
                },
                "aws_security_group.konvoy_ssh": {
                    "type": "aws_security_group",
                    "depends_on": [
                        "local.cluster_name",
                        "local.common_tags_no_cluster",
                        "local.sg_ssh_name",
                        "local.vpc_id"
                    ],
                    "primary": {
                        "id": "sg-0d1065c19f676b18b",
                        "attributes": {
                            "arn": "arn:aws:ec2:us-west-2:222638339470:security-group/sg-0d1065c19f676b18b",
                            "description": "Allow inbound SSH for Konvoy.",
                            "egress.#": "0",
                            "id": "sg-0d1065c19f676b18b",
                            "ingress.#": "1",
                            "ingress.2541437006.cidr_blocks.#": "1",
                            "ingress.2541437006.cidr_blocks.0": "0.0.0.0/0",
                            "ingress.2541437006.description": "",
                            "ingress.2541437006.from_port": "22",
                            "ingress.2541437006.ipv6_cidr_blocks.#": "0",
                            "ingress.2541437006.prefix_list_ids.#": "0",
                            "ingress.2541437006.protocol": "tcp",
                            "ingress.2541437006.security_groups.#": "0",
                            "ingress.2541437006.self": "false",
                            "ingress.2541437006.to_port": "22",
                            "name": "dangdang-konvoy-v1.2.5-f71b-sg-ssh",
                            "owner_id": "222638339470",
                            "revoke_rules_on_delete": "false",
                            "tags.%": "5",
                            "tags.Name": "dangdang-konvoy-v1.2.5-f71b-securitygroup-ssh",
                            "tags.konvoy/clusterName": "dangdang-konvoy-v1.2.5-f71b",
                            "tags.konvoy/securityGroup": "ssh",
                            "tags.konvoy/version": "v1.2.5",
                            "tags.owner": "michaelbi",
                            "vpc_id": "vpc-071355a7105edf6b4"
                        },
                        "meta": {
                            "e2bfb730-ecaa-11e6-8f88-34363bc7c4c0": {
                                "create": 600000000000,
                                "delete": 600000000000
                            },
                            "schema_version": "1"
                        },
                        "tainted": false
                    },
                    "deposed": [],
                    "provider": "provider.aws"
                },
                "aws_subnet.konvoy_control_plane": {
                    "type": "aws_subnet",
                    "depends_on": [
                        "aws_vpc.konvoy.*",
                        "data.aws_availability_zones.available",
                        "local.cluster_name",
                        "local.common_tags",
                        "local.control_plane_subnet_range"
                    ],
                    "primary": {
                        "id": "subnet-0289727c6f3df7684",
                        "attributes": {
                            "arn": "arn:aws:ec2:us-west-2:222638339470:subnet/subnet-0289727c6f3df7684",
                            "assign_ipv6_address_on_creation": "false",
                            "availability_zone": "us-west-2c",
                            "availability_zone_id": "usw2-az3",
                            "cidr_block": "10.0.192.0/22",
                            "id": "subnet-0289727c6f3df7684",
                            "ipv6_cidr_block": "",
                            "ipv6_cidr_block_association_id": "",
                            "map_public_ip_on_launch": "false",
                            "owner_id": "222638339470",
                            "tags.%": "8",
                            "tags.Name": "dangdang-konvoy-v1.2.5-f71b-subnet-control-plane",
                            "tags.konvoy/clusterName": "dangdang-konvoy-v1.2.5-f71b",
                            "tags.konvoy/subnet": "control_plane",
                            "tags.konvoy/version": "v1.2.5",
                            "tags.kubernetes.io/cluster": "dangdang-konvoy-v1.2.5-f71b",
                            "tags.kubernetes.io/cluster/dangdang-konvoy-v1.2.5-f71b": "owned",
                            "tags.kubernetes.io/role/elb": "1",
                            "tags.owner": "michaelbi",
                            "vpc_id": "vpc-071355a7105edf6b4"
                        },
                        "meta": {
                            "e2bfb730-ecaa-11e6-8f88-34363bc7c4c0": {
                                "create": 600000000000,
                                "delete": 1200000000000
                            },
                            "schema_version": "1"
                        },
                        "tainted": false
                    },
                    "deposed": [],
                    "provider": "provider.aws"
                },
                "aws_subnet.konvoy_private": {
                    "type": "aws_subnet",
                    "depends_on": [
                        "aws_vpc.konvoy.*",
                        "data.aws_availability_zones.available",
                        "local.cluster_name",
                        "local.common_tags_no_cluster",
                        "local.private_subnet_range"
                    ],
                    "primary": {
                        "id": "subnet-0f55fff423680a299",
                        "attributes": {
                            "arn": "arn:aws:ec2:us-west-2:222638339470:subnet/subnet-0f55fff423680a299",
                            "assign_ipv6_address_on_creation": "false",
                            "availability_zone": "us-west-2c",
                            "availability_zone_id": "usw2-az3",
                            "cidr_block": "10.0.128.0/22",
                            "id": "subnet-0f55fff423680a299",
                            "ipv6_cidr_block": "",
                            "ipv6_cidr_block_association_id": "",
                            "map_public_ip_on_launch": "false",
                            "owner_id": "222638339470",
                            "tags.%": "5",
                            "tags.Name": "dangdang-konvoy-v1.2.5-f71b-subnet-private",
                            "tags.konvoy/clusterName": "dangdang-konvoy-v1.2.5-f71b",
                            "tags.konvoy/subnet": "private",
                            "tags.konvoy/version": "v1.2.5",
                            "tags.owner": "michaelbi",
                            "vpc_id": "vpc-071355a7105edf6b4"
                        },
                        "meta": {
                            "e2bfb730-ecaa-11e6-8f88-34363bc7c4c0": {
                                "create": 600000000000,
                                "delete": 1200000000000
                            },
                            "schema_version": "1"
                        },
                        "tainted": false
                    },
                    "deposed": [],
                    "provider": "provider.aws"
                },
                "aws_subnet.konvoy_public": {
                    "type": "aws_subnet",
                    "depends_on": [
                        "aws_vpc.konvoy.*",
                        "data.aws_availability_zones.available",
                        "local.cluster_name",
                        "local.common_tags",
                        "local.public_subnet_range"
                    ],
                    "primary": {
                        "id": "subnet-0154ed0851df91392",
                        "attributes": {
                            "arn": "arn:aws:ec2:us-west-2:222638339470:subnet/subnet-0154ed0851df91392",
                            "assign_ipv6_address_on_creation": "false",
                            "availability_zone": "us-west-2c",
                            "availability_zone_id": "usw2-az3",
                            "cidr_block": "10.0.64.0/22",
                            "id": "subnet-0154ed0851df91392",
                            "ipv6_cidr_block": "",
                            "ipv6_cidr_block_association_id": "",
                            "map_public_ip_on_launch": "true",
                            "owner_id": "222638339470",
                            "tags.%": "7",
                            "tags.Name": "dangdang-konvoy-v1.2.5-f71b-subnet-public",
                            "tags.konvoy/clusterName": "dangdang-konvoy-v1.2.5-f71b",
                            "tags.konvoy/subnet": "public",
                            "tags.konvoy/version": "v1.2.5",
                            "tags.kubernetes.io/cluster": "dangdang-konvoy-v1.2.5-f71b",
                            "tags.kubernetes.io/cluster/dangdang-konvoy-v1.2.5-f71b": "owned",
                            "tags.owner": "michaelbi",
                            "vpc_id": "vpc-071355a7105edf6b4"
                        },
                        "meta": {
                            "e2bfb730-ecaa-11e6-8f88-34363bc7c4c0": {
                                "create": 600000000000,
                                "delete": 1200000000000
                            },
                            "schema_version": "1"
                        },
                        "tainted": false
                    },
                    "deposed": [],
                    "provider": "provider.aws"
                },
                "aws_volume_attachment.control_plane_imagefs.0": {
                    "type": "aws_volume_attachment",
                    "depends_on": [
                        "aws_ebs_volume.control_plane_imagefs.*",
                        "aws_instance.control_plane.*"
                    ],
                    "primary": {
                        "id": "vai-1359733281",
                        "attributes": {
                            "device_name": "/dev/xvdb",
                            "force_detach": "true",
                            "id": "vai-1359733281",
                            "instance_id": "i-08f0622a075411448",
                            "volume_id": "vol-0bbc3bc415aedb534"
                        },
                        "meta": {},
                        "tainted": false
                    },
                    "deposed": [],
                    "provider": "provider.aws"
                },
                "aws_volume_attachment.control_plane_imagefs.1": {
                    "type": "aws_volume_attachment",
                    "depends_on": [
                        "aws_ebs_volume.control_plane_imagefs.*",
                        "aws_instance.control_plane.*"
                    ],
                    "primary": {
                        "id": "vai-2989178250",
                        "attributes": {
                            "device_name": "/dev/xvdb",
                            "force_detach": "true",
                            "id": "vai-2989178250",
                            "instance_id": "i-0bd7c3edb3477a7d7",
                            "volume_id": "vol-067f6b57b66adfef0"
                        },
                        "meta": {},
                        "tainted": false
                    },
                    "deposed": [],
                    "provider": "provider.aws"
                },
                "aws_volume_attachment.control_plane_imagefs.2": {
                    "type": "aws_volume_attachment",
                    "depends_on": [
                        "aws_ebs_volume.control_plane_imagefs.*",
                        "aws_instance.control_plane.*"
                    ],
                    "primary": {
                        "id": "vai-1595094393",
                        "attributes": {
                            "device_name": "/dev/xvdb",
                            "force_detach": "true",
                            "id": "vai-1595094393",
                            "instance_id": "i-0629bdb6839ff3599",
                            "volume_id": "vol-08e7b4e32b2eb9ee4"
                        },
                        "meta": {},
                        "tainted": false
                    },
                    "deposed": [],
                    "provider": "provider.aws"
                },
                "aws_volume_attachment.worker_pool0_imagefs.0": {
                    "type": "aws_volume_attachment",
                    "depends_on": [
                        "aws_ebs_volume.worker_pool0_imagefs.*",
                        "aws_instance.worker_pool0.*"
                    ],
                    "primary": {
                        "id": "vai-1694464183",
                        "attributes": {
                            "device_name": "/dev/xvdb",
                            "force_detach": "true",
                            "id": "vai-1694464183",
                            "instance_id": "i-0f49f01095b59ec81",
                            "volume_id": "vol-0f7275ef924242036"
                        },
                        "meta": {},
                        "tainted": false
                    },
                    "deposed": [],
                    "provider": "provider.aws"
                },
                "aws_volume_attachment.worker_pool0_imagefs.1": {
                    "type": "aws_volume_attachment",
                    "depends_on": [
                        "aws_ebs_volume.worker_pool0_imagefs.*",
                        "aws_instance.worker_pool0.*"
                    ],
                    "primary": {
                        "id": "vai-753828477",
                        "attributes": {
                            "device_name": "/dev/xvdb",
                            "force_detach": "true",
                            "id": "vai-753828477",
                            "instance_id": "i-0a8125a93432197d6",
                            "volume_id": "vol-0e8774aba1d6a7974"
                        },
                        "meta": {},
                        "tainted": false
                    },
                    "deposed": [],
                    "provider": "provider.aws"
                },
                "aws_volume_attachment.worker_pool0_imagefs.2": {
                    "type": "aws_volume_attachment",
                    "depends_on": [
                        "aws_ebs_volume.worker_pool0_imagefs.*",
                        "aws_instance.worker_pool0.*"
                    ],
                    "primary": {
                        "id": "vai-3862274090",
                        "attributes": {
                            "device_name": "/dev/xvdb",
                            "force_detach": "true",
                            "id": "vai-3862274090",
                            "instance_id": "i-0605aacae473050b7",
                            "volume_id": "vol-0c109349840700dd9"
                        },
                        "meta": {},
                        "tainted": false
                    },
                    "deposed": [],
                    "provider": "provider.aws"
                },
                "aws_volume_attachment.worker_pool0_imagefs.3": {
                    "type": "aws_volume_attachment",
                    "depends_on": [
                        "aws_ebs_volume.worker_pool0_imagefs.*",
                        "aws_instance.worker_pool0.*"
                    ],
                    "primary": {
                        "id": "vai-2901131404",
                        "attributes": {
                            "device_name": "/dev/xvdb",
                            "force_detach": "true",
                            "id": "vai-2901131404",
                            "instance_id": "i-0ad0864fd8ae7b54c",
                            "volume_id": "vol-062d1bc4d7eb39e9b"
                        },
                        "meta": {},
                        "tainted": false
                    },
                    "deposed": [],
                    "provider": "provider.aws"
                },
                "aws_vpc.konvoy": {
                    "type": "aws_vpc",
                    "depends_on": [
                        "local.cluster_name",
                        "local.common_tags"
                    ],
                    "primary": {
                        "id": "vpc-071355a7105edf6b4",
                        "attributes": {
                            "arn": "arn:aws:ec2:us-west-2:222638339470:vpc/vpc-071355a7105edf6b4",
                            "assign_generated_ipv6_cidr_block": "false",
                            "cidr_block": "10.0.0.0/16",
                            "default_network_acl_id": "acl-04eead14a31dfdcd7",
                            "default_route_table_id": "rtb-0785f9331917348d5",
                            "default_security_group_id": "sg-08f27109e28db90be",
                            "dhcp_options_id": "dopt-5e727b3c",
                            "enable_classiclink": "false",
                            "enable_classiclink_dns_support": "false",
                            "enable_dns_hostnames": "true",
                            "enable_dns_support": "true",
                            "id": "vpc-071355a7105edf6b4",
                            "instance_tenancy": "default",
                            "ipv6_association_id": "",
                            "ipv6_cidr_block": "",
                            "main_route_table_id": "rtb-0785f9331917348d5",
                            "owner_id": "222638339470",
                            "tags.%": "6",
                            "tags.Name": "dangdang-konvoy-v1.2.5-f71b-vpc",
                            "tags.konvoy/clusterName": "dangdang-konvoy-v1.2.5-f71b",
                            "tags.konvoy/version": "v1.2.5",
                            "tags.kubernetes.io/cluster": "dangdang-konvoy-v1.2.5-f71b",
                            "tags.kubernetes.io/cluster/dangdang-konvoy-v1.2.5-f71b": "owned",
                            "tags.owner": "michaelbi"
                        },
                        "meta": {
                            "schema_version": "1"
                        },
                        "tainted": false
                    },
                    "deposed": [],
                    "provider": "provider.aws"
                },
                "aws_vpc_endpoint.ec2": {
                    "type": "aws_vpc_endpoint",
                    "depends_on": [
                        "aws_security_group.konvoy_private",
                        "aws_vpc.konvoy",
                        "local.cluster_name",
                        "local.common_tags",
                        "local.control_plane_subnet_ids"
                    ],
                    "primary": {
                        "id": "vpce-060c61a8e37e92de3",
                        "attributes": {
                            "cidr_blocks.#": "0",
                            "dns_entry.#": "3",
                            "dns_entry.0.dns_name": "vpce-060c61a8e37e92de3-37x3b2jz.ec2.us-west-2.vpce.amazonaws.com",
                            "dns_entry.0.hosted_zone_id": "Z1YSA3EXCYUU9Z",
                            "dns_entry.1.dns_name": "vpce-060c61a8e37e92de3-37x3b2jz-us-west-2c.ec2.us-west-2.vpce.amazonaws.com",
                            "dns_entry.1.hosted_zone_id": "Z1YSA3EXCYUU9Z",
                            "dns_entry.2.dns_name": "ec2.us-west-2.amazonaws.com",
                            "dns_entry.2.hosted_zone_id": "Z0979975BVCTDI82FM3T",
                            "id": "vpce-060c61a8e37e92de3",
                            "network_interface_ids.#": "1",
                            "network_interface_ids.591196845": "eni-0cdcde6fca3c559e4",
                            "owner_id": "222638339470",
                            "policy": "{\"Statement\":[{\"Action\":\"*\",\"Effect\":\"Allow\",\"Principal\":\"*\",\"Resource\":\"*\"}]}",
                            "private_dns_enabled": "true",
                            "requester_managed": "false",
                            "route_table_ids.#": "0",
                            "security_group_ids.#": "1",
                            "security_group_ids.393561055": "sg-058e26085d21559a7",
                            "service_name": "com.amazonaws.us-west-2.ec2",
                            "state": "available",
                            "subnet_ids.#": "1",
                            "subnet_ids.4195477906": "subnet-0289727c6f3df7684",
                            "tags.%": "6",
                            "tags.Name": "dangdang-konvoy-v1.2.5-f71b-vpc-endpoint-ec2",
                            "tags.konvoy/clusterName": "dangdang-konvoy-v1.2.5-f71b",
                            "tags.konvoy/version": "v1.2.5",
                            "tags.kubernetes.io/cluster": "dangdang-konvoy-v1.2.5-f71b",
                            "tags.kubernetes.io/cluster/dangdang-konvoy-v1.2.5-f71b": "owned",
                            "tags.owner": "michaelbi",
                            "vpc_endpoint_type": "Interface",
                            "vpc_id": "vpc-071355a7105edf6b4"
                        },
                        "meta": {
                            "e2bfb730-ecaa-11e6-8f88-34363bc7c4c0": {
                                "create": 600000000000,
                                "delete": 600000000000,
                                "update": 600000000000
                            }
                        },
                        "tainted": false
                    },
                    "deposed": [],
                    "provider": "provider.aws"
                },
                "aws_vpc_endpoint.elasticloadbalancing": {
                    "type": "aws_vpc_endpoint",
                    "depends_on": [
                        "aws_security_group.konvoy_private",
                        "aws_vpc.konvoy",
                        "local.cluster_name",
                        "local.common_tags",
                        "local.control_plane_subnet_ids"
                    ],
                    "primary": {
                        "id": "vpce-02e2bf1f2c2ed92b8",
                        "attributes": {
                            "cidr_blocks.#": "0",
                            "dns_entry.#": "3",
                            "dns_entry.0.dns_name": "vpce-02e2bf1f2c2ed92b8-clzyetq5.elasticloadbalancing.us-west-2.vpce.amazonaws.com",
                            "dns_entry.0.hosted_zone_id": "Z1YSA3EXCYUU9Z",
                            "dns_entry.1.dns_name": "vpce-02e2bf1f2c2ed92b8-clzyetq5-us-west-2c.elasticloadbalancing.us-west-2.vpce.amazonaws.com",
                            "dns_entry.1.hosted_zone_id": "Z1YSA3EXCYUU9Z",
                            "dns_entry.2.dns_name": "elasticloadbalancing.us-west-2.amazonaws.com",
                            "dns_entry.2.hosted_zone_id": "Z098006197U8MAA1F7ZM",
                            "id": "vpce-02e2bf1f2c2ed92b8",
                            "network_interface_ids.#": "1",
                            "network_interface_ids.1662052493": "eni-0a1c3db1f492d7fa3",
                            "owner_id": "222638339470",
                            "policy": "{\"Statement\":[{\"Action\":\"*\",\"Effect\":\"Allow\",\"Principal\":\"*\",\"Resource\":\"*\"}]}",
                            "private_dns_enabled": "true",
                            "requester_managed": "false",
                            "route_table_ids.#": "0",
                            "security_group_ids.#": "1",
                            "security_group_ids.393561055": "sg-058e26085d21559a7",
                            "service_name": "com.amazonaws.us-west-2.elasticloadbalancing",
                            "state": "available",
                            "subnet_ids.#": "1",
                            "subnet_ids.4195477906": "subnet-0289727c6f3df7684",
                            "tags.%": "6",
                            "tags.Name": "dangdang-konvoy-v1.2.5-f71b-vpc-endpoint-elasticloadbalancing",
                            "tags.konvoy/clusterName": "dangdang-konvoy-v1.2.5-f71b",
                            "tags.konvoy/version": "v1.2.5",
                            "tags.kubernetes.io/cluster": "dangdang-konvoy-v1.2.5-f71b",
                            "tags.kubernetes.io/cluster/dangdang-konvoy-v1.2.5-f71b": "owned",
                            "tags.owner": "michaelbi",
                            "vpc_endpoint_type": "Interface",
                            "vpc_id": "vpc-071355a7105edf6b4"
                        },
                        "meta": {
                            "e2bfb730-ecaa-11e6-8f88-34363bc7c4c0": {
                                "create": 600000000000,
                                "delete": 600000000000,
                                "update": 600000000000
                            }
                        },
                        "tainted": false
                    },
                    "deposed": [],
                    "provider": "provider.aws"
                },
                "data.aws_availability_zones.available": {
                    "type": "aws_availability_zones",
                    "depends_on": [],
                    "primary": {
                        "id": "2019-12-05 12:09:21.272684 +0000 UTC",
                        "attributes": {
                            "id": "2019-12-05 12:09:21.272684 +0000 UTC",
                            "names.#": "4",
                            "names.0": "us-west-2a",
                            "names.1": "us-west-2b",
                            "names.2": "us-west-2c",
                            "names.3": "us-west-2d",
                            "zone_ids.#": "4",
                            "zone_ids.0": "usw2-az2",
                            "zone_ids.1": "usw2-az1",
                            "zone_ids.2": "usw2-az3",
                            "zone_ids.3": "usw2-az4"
                        },
                        "meta": {},
                        "tainted": false
                    },
                    "deposed": [],
                    "provider": "provider.aws"
                },
                "data.aws_region.current": {
                    "type": "aws_region",
                    "depends_on": [],
                    "primary": {
                        "id": "us-west-2",
                        "attributes": {
                            "description": "US West (Oregon)",
                            "endpoint": "ec2.us-west-2.amazonaws.com",
                            "id": "us-west-2",
                            "name": "us-west-2"
                        },
                        "meta": {},
                        "tainted": false
                    },
                    "deposed": [],
                    "provider": "provider.aws"
                },
                "local_file.ansible_inventory": {
                    "type": "local_file",
                    "depends_on": [
                        "aws_elb.konvoy_control_plane.*",
                        "aws_instance.bastion.*",
                        "aws_instance.control_plane.*",
                        "aws_instance.worker_pool0.*",
                        "aws_instance.worker_pool1.*",
                        "aws_instance.worker_pool2.*",
                        "aws_instance.worker_pool3.*",
                        "aws_instance.worker_pool4.*",
                        "aws_instance.worker_pool5.*",
                        "aws_instance.worker_pool6.*",
                        "aws_instance.worker_pool7.*",
                        "aws_instance.worker_pool8.*",
                        "aws_instance.worker_pool9.*",
                        "local.bastion_hosts_format",
                        "local.bastion_vars_format",
                        "local.inventory_control_plane_format",
                        "local.inventory_control_plane_format_with_ansible_host",
                        "local.inventory_format",
                        "local.inventory_format_with_ansible_host"
                    ],
                    "primary": {
                        "id": "6026d41c703164acff9f08d004ebe34d1a3a38be",
                        "attributes": {
                            "content": "all:\n  vars:\n    version: \"v1.2.5\"\n    order: sorted\n    control_plane_endpoint: \"dangdang-konvoy--f71b-lb-control-396595265.us-west-2.elb.amazonaws.com:6443\"\n    ansible_user: \"centos\"\n    ansible_port: 22\n    ansible_ssh_private_key_file: \"konvoy_v1.2.5-ssh.pem\"\n\ncontrol-plane:\n  hosts:\n    10.0.195.245:\n      ansible_host: ec2-54-189-84-93.us-west-2.compute.amazonaws.com\n    10.0.193.133:\n      ansible_host: ec2-54-187-6-146.us-west-2.compute.amazonaws.com\n    10.0.194.198:\n      ansible_host: ec2-54-218-107-151.us-west-2.compute.amazonaws.com\n\nnode:\n  hosts:\n    10.0.131.198:\n      ansible_host: ec2-34-221-91-120.us-west-2.compute.amazonaws.com\n      node_pool: worker\n    10.0.128.120:\n      ansible_host: ec2-52-89-96-33.us-west-2.compute.amazonaws.com\n      node_pool: worker\n    10.0.128.189:\n      ansible_host: ec2-52-88-49-117.us-west-2.compute.amazonaws.com\n      node_pool: worker\n    10.0.131.245:\n      ansible_host: ec2-54-202-111-232.us-west-2.compute.amazonaws.com\n      node_pool: worker\n\nbastion:\n\n\n",
                            "directory_permission": "0777",
                            "file_permission": "0777",
                            "filename": "/Users/michaelbi/mesosphere/konvoy/konvoy_terraform/v1.2.5/aws/inventory.yaml",
                            "id": "6026d41c703164acff9f08d004ebe34d1a3a38be"
                        },
                        "meta": {},
                        "tainted": false
                    },
                    "deposed": [],
                    "provider": "provider.local"
                },
                "random_id.id": {
                    "type": "random_id",
                    "depends_on": [],
                    "primary": {
                        "id": "9xs",
                        "attributes": {
                            "b64": "9xs",
                            "b64_std": "9xs=",
                            "b64_url": "9xs",
                            "byte_length": "2",
                            "dec": "63259",
                            "hex": "f71b",
                            "id": "9xs"
                        },
                        "meta": {},
                        "tainted": false
                    },
                    "deposed": [],
                    "provider": "provider.random"
                }
            },
            "depends_on": []
        }
    ]
}
